
Microsoft Visual Studio Solution File, Format Version 12.00
# Visual Studio Version 16
VisualStudioVersion = 16.0.29920.165
MinimumVisualStudioVersion = 10.0.40219.1
Project("{FAE04EC0-301F-11D3-BF4B-00C04F79EFBC}") = "robo2", "robo2.csproj", "{EFE3EDAF-864A-4286-8FBE-EBE2DCFDABB0}"
EndProject
Global
	GlobalSection(SolutionConfigurationPlatforms) = preSolution
		Debug|Any CPU = Debug|Any CPU
		Release|Any CPU = Release|Any CPU
	EndGlobalSection
	GlobalSection(ProjectConfigurationPlatforms) = postSolution
		{EFE3EDAF-864A-4286-8FBE-EBE2DCFDABB0}.Debug|Any CPU.ActiveCfg = Debug|Any CPU
		{EFE3EDAF-864A-4286-8FBE-EBE2DCFDABB0}.Debug|Any CPU.Build.0 = Debug|Any CPU
		{EFE3EDAF-864A-4286-8FBE-EBE2DCFDABB0}.Release|Any CPU.ActiveCfg = Release|Any CPU
		{EFE3EDAF-864A-4286-8FBE-EBE2DCFDABB0}.Release|Any CPU.Build.0 = Release|Any CPU
	EndGlobalSection
	GlobalSection(SolutionProperties) = preSolution
		HideSolutionNode = FALSE
	EndGlobalSection
	GlobalSection(ExtensibilityGlobals) = postSolution
		SolutionGuid = {3A956F33-0710-4F35-A73C-17A6EBBEDAF4}
	EndGlobalSection
EndGlobal
